// !$*UTF8*$!
{
	archiveVersion = 1;
	classes = {
	};
	objectVersion = 56;
	objects = {

/* Begin PBXBuildFile section */
		B26EC80E2B16957100F4E4A2 /* AppDelegate.swift in Sources */ = {isa = PBXBuildFile; fileRef = B26EC80D2B16957100F4E4A2 /* AppDelegate.swift */; };
		B26EC8102B16957100F4E4A2 /* SceneDelegate.swift in Sources */ = {isa = PBXBuildFile; fileRef = B26EC80F2B16957100F4E4A2 /* SceneDelegate.swift */; };
		B26EC8172B16957200F4E4A2 /* Assets.xcassets in Resources */ = {isa = PBXBuildFile; fileRef = B26EC8162B16957200F4E4A2 /* Assets.xcassets */; };
		B26EC8252B16957200F4E4A2 /* CurrencyConverterTests.swift in Sources */ = {isa = PBXBuildFile; fileRef = B26EC8242B16957200F4E4A2 /* CurrencyConverterTests.swift */; };
		B26EC82F2B16957200F4E4A2 /* CurrencyConverterUITests.swift in Sources */ = {isa = PBXBuildFile; fileRef = B26EC82E2B16957200F4E4A2 /* CurrencyConverterUITests.swift */; };
		B26EC8312B16957200F4E4A2 /* CurrencyConverterUITestsLaunchTests.swift in Sources */ = {isa = PBXBuildFile; fileRef = B26EC8302B16957200F4E4A2 /* CurrencyConverterUITestsLaunchTests.swift */; };
		B26EC83E2B16969100F4E4A2 /* CurrencyConverterCoordinator.swift in Sources */ = {isa = PBXBuildFile; fileRef = B26EC83D2B16969100F4E4A2 /* CurrencyConverterCoordinator.swift */; };
		B26EC8402B1696F000F4E4A2 /* CurrencyConverterViewModel.swift in Sources */ = {isa = PBXBuildFile; fileRef = B26EC83F2B1696F000F4E4A2 /* CurrencyConverterViewModel.swift */; };
		B26EC8492B169B5800F4E4A2 /* CurrencyConverterViewController.swift in Sources */ = {isa = PBXBuildFile; fileRef = B26EC8482B169B5800F4E4A2 /* CurrencyConverterViewController.swift */; };
		B26EC84C2B16A05E00F4E4A2 /* NetworkService.swift in Sources */ = {isa = PBXBuildFile; fileRef = B26EC84B2B16A05E00F4E4A2 /* NetworkService.swift */; };
		B26EC84E2B16A1A500F4E4A2 /* Constants.swift in Sources */ = {isa = PBXBuildFile; fileRef = B26EC84D2B16A1A500F4E4A2 /* Constants.swift */; };
		B26EC8502B174D9C00F4E4A2 /* CurrencySelectionView.swift in Sources */ = {isa = PBXBuildFile; fileRef = B26EC84F2B174D9C00F4E4A2 /* CurrencySelectionView.swift */; };
		B26EC8522B174EB300F4E4A2 /* CustomColors.swift in Sources */ = {isa = PBXBuildFile; fileRef = B26EC8512B174EB300F4E4A2 /* CustomColors.swift */; };
		B26EC8542B17BCEC00F4E4A2 /* ConverterCellUIConfigModel.swift in Sources */ = {isa = PBXBuildFile; fileRef = B26EC8532B17BCEC00F4E4A2 /* ConverterCellUIConfigModel.swift */; };
		B26EC8572B17C4A200F4E4A2 /* SearchBarViewController.swift in Sources */ = {isa = PBXBuildFile; fileRef = B26EC8562B17C4A200F4E4A2 /* SearchBarViewController.swift */; };
		B26EC8592B17C8F100F4E4A2 /* CustomSearchBar.swift in Sources */ = {isa = PBXBuildFile; fileRef = B26EC8582B17C8F100F4E4A2 /* CustomSearchBar.swift */; };
		B26EC85B2B17CD8700F4E4A2 /* CountryTableViewCell.swift in Sources */ = {isa = PBXBuildFile; fileRef = B26EC85A2B17CD8700F4E4A2 /* CountryTableViewCell.swift */; };
		B26EC85D2B17CDB600F4E4A2 /* Country.swift in Sources */ = {isa = PBXBuildFile; fileRef = B26EC85C2B17CDB600F4E4A2 /* Country.swift */; };
		B26EC85F2B190DA500F4E4A2 /* FXRatesResponse.swift in Sources */ = {isa = PBXBuildFile; fileRef = B26EC85E2B190DA500F4E4A2 /* FXRatesResponse.swift */; };
		B26EC8612B1ABB0600F4E4A2 /* ErrorLabel.swift in Sources */ = {isa = PBXBuildFile; fileRef = B26EC8602B1ABB0600F4E4A2 /* ErrorLabel.swift */; };
		B26EC8642B1B1DD300F4E4A2 /* Localizable.strings in Resources */ = {isa = PBXBuildFile; fileRef = B26EC8662B1B1DD300F4E4A2 /* Localizable.strings */; };
		B26EC8692B1B1E1800F4E4A2 /* String+Localizable.swift in Sources */ = {isa = PBXBuildFile; fileRef = B26EC8682B1B1E1800F4E4A2 /* String+Localizable.swift */; };
		B26EC8702B1BB93000F4E4A2 /* Currency.swift in Sources */ = {isa = PBXBuildFile; fileRef = B26EC86F2B1BB93000F4E4A2 /* Currency.swift */; };
		B26EC8732B1C0EEA00F4E4A2 /* NoResultView.swift in Sources */ = {isa = PBXBuildFile; fileRef = B26EC8722B1C0EEA00F4E4A2 /* NoResultView.swift */; };
		B26EC8752B1C178C00F4E4A2 /* ReachabilityManager.swift in Sources */ = {isa = PBXBuildFile; fileRef = B26EC8742B1C178C00F4E4A2 /* ReachabilityManager.swift */; };
		B28FD08A2B1D19FD0026D11A /* MockNetworkService.swift in Sources */ = {isa = PBXBuildFile; fileRef = B28FD0892B1D19FD0026D11A /* MockNetworkService.swift */; };
		B859B951D5674A888114565A /* Pods_CurrencyConverterTests.framework in Frameworks */ = {isa = PBXBuildFile; fileRef = 680155561E7BFE53175A61A6 /* Pods_CurrencyConverterTests.framework */; };
		E89916F9A3F8D98A839DA4A0 /* Pods_CurrencyConverter_CurrencyConverterUITests.framework in Frameworks */ = {isa = PBXBuildFile; fileRef = 804CD21B527C7210AADA28E8 /* Pods_CurrencyConverter_CurrencyConverterUITests.framework */; };
		FBF17E58FA7FC217BE9D16E9 /* Pods_CurrencyConverter.framework in Frameworks */ = {isa = PBXBuildFile; fileRef = 9457427152FD676A5F21F149 /* Pods_CurrencyConverter.framework */; };
/* End PBXBuildFile section */

/* Begin PBXContainerItemProxy section */
		B26EC8212B16957200F4E4A2 /* PBXContainerItemProxy */ = {
			isa = PBXContainerItemProxy;
			containerPortal = B26EC8022B16957100F4E4A2 /* Project object */;
			proxyType = 1;
			remoteGlobalIDString = B26EC8092B16957100F4E4A2;
			remoteInfo = CurrencyConverter;
		};
		B26EC82B2B16957200F4E4A2 /* PBXContainerItemProxy */ = {
			isa = PBXContainerItemProxy;
			containerPortal = B26EC8022B16957100F4E4A2 /* Project object */;
			proxyType = 1;
			remoteGlobalIDString = B26EC8092B16957100F4E4A2;
			remoteInfo = CurrencyConverter;
		};
/* End PBXContainerItemProxy section */

/* Begin PBXFileReference section */
		5C5FC44FE9DB35B2825B7AA3 /* Pods-CurrencyConverterTests.release.xcconfig */ = {isa = PBXFileReference; includeInIndex = 1; lastKnownFileType = text.xcconfig; name = "Pods-CurrencyConverterTests.release.xcconfig"; path = "Target Support Files/Pods-CurrencyConverterTests/Pods-CurrencyConverterTests.release.xcconfig"; sourceTree = "<group>"; };
		680155561E7BFE53175A61A6 /* Pods_CurrencyConverterTests.framework */ = {isa = PBXFileReference; explicitFileType = wrapper.framework; includeInIndex = 0; path = Pods_CurrencyConverterTests.framework; sourceTree = BUILT_PRODUCTS_DIR; };
		804CD21B527C7210AADA28E8 /* Pods_CurrencyConverter_CurrencyConverterUITests.framework */ = {isa = PBXFileReference; explicitFileType = wrapper.framework; includeInIndex = 0; path = Pods_CurrencyConverter_CurrencyConverterUITests.framework; sourceTree = BUILT_PRODUCTS_DIR; };
		865C036EF73470960C823EBA /* Pods-CurrencyConverter-CurrencyConverterUITests.debug.xcconfig */ = {isa = PBXFileReference; includeInIndex = 1; lastKnownFileType = text.xcconfig; name = "Pods-CurrencyConverter-CurrencyConverterUITests.debug.xcconfig"; path = "Target Support Files/Pods-CurrencyConverter-CurrencyConverterUITests/Pods-CurrencyConverter-CurrencyConverterUITests.debug.xcconfig"; sourceTree = "<group>"; };
		9457427152FD676A5F21F149 /* Pods_CurrencyConverter.framework */ = {isa = PBXFileReference; explicitFileType = wrapper.framework; includeInIndex = 0; path = Pods_CurrencyConverter.framework; sourceTree = BUILT_PRODUCTS_DIR; };
		B26EC80A2B16957100F4E4A2 /* CurrencyConverter.app */ = {isa = PBXFileReference; explicitFileType = wrapper.application; includeInIndex = 0; path = CurrencyConverter.app; sourceTree = BUILT_PRODUCTS_DIR; };
		B26EC80D2B16957100F4E4A2 /* AppDelegate.swift */ = {isa = PBXFileReference; lastKnownFileType = sourcecode.swift; path = AppDelegate.swift; sourceTree = "<group>"; };
		B26EC80F2B16957100F4E4A2 /* SceneDelegate.swift */ = {isa = PBXFileReference; lastKnownFileType = sourcecode.swift; path = SceneDelegate.swift; sourceTree = "<group>"; };
		B26EC8162B16957200F4E4A2 /* Assets.xcassets */ = {isa = PBXFileReference; lastKnownFileType = folder.assetcatalog; path = Assets.xcassets; sourceTree = "<group>"; };
		B26EC81B2B16957200F4E4A2 /* Info.plist */ = {isa = PBXFileReference; lastKnownFileType = text.plist.xml; path = Info.plist; sourceTree = "<group>"; };
		B26EC8202B16957200F4E4A2 /* CurrencyConverterTests.xctest */ = {isa = PBXFileReference; explicitFileType = wrapper.cfbundle; includeInIndex = 0; path = CurrencyConverterTests.xctest; sourceTree = BUILT_PRODUCTS_DIR; };
		B26EC8242B16957200F4E4A2 /* CurrencyConverterTests.swift */ = {isa = PBXFileReference; lastKnownFileType = sourcecode.swift; path = CurrencyConverterTests.swift; sourceTree = "<group>"; };
		B26EC82A2B16957200F4E4A2 /* CurrencyConverterUITests.xctest */ = {isa = PBXFileReference; explicitFileType = wrapper.cfbundle; includeInIndex = 0; path = CurrencyConverterUITests.xctest; sourceTree = BUILT_PRODUCTS_DIR; };
		B26EC82E2B16957200F4E4A2 /* CurrencyConverterUITests.swift */ = {isa = PBXFileReference; lastKnownFileType = sourcecode.swift; path = CurrencyConverterUITests.swift; sourceTree = "<group>"; };
		B26EC8302B16957200F4E4A2 /* CurrencyConverterUITestsLaunchTests.swift */ = {isa = PBXFileReference; lastKnownFileType = sourcecode.swift; path = CurrencyConverterUITestsLaunchTests.swift; sourceTree = "<group>"; };
		B26EC83D2B16969100F4E4A2 /* CurrencyConverterCoordinator.swift */ = {isa = PBXFileReference; lastKnownFileType = sourcecode.swift; path = CurrencyConverterCoordinator.swift; sourceTree = "<group>"; };
		B26EC83F2B1696F000F4E4A2 /* CurrencyConverterViewModel.swift */ = {isa = PBXFileReference; lastKnownFileType = sourcecode.swift; path = CurrencyConverterViewModel.swift; sourceTree = "<group>"; };
		B26EC8482B169B5800F4E4A2 /* CurrencyConverterViewController.swift */ = {isa = PBXFileReference; lastKnownFileType = sourcecode.swift; path = CurrencyConverterViewController.swift; sourceTree = "<group>"; };
		B26EC84B2B16A05E00F4E4A2 /* NetworkService.swift */ = {isa = PBXFileReference; lastKnownFileType = sourcecode.swift; path = NetworkService.swift; sourceTree = "<group>"; };
		B26EC84D2B16A1A500F4E4A2 /* Constants.swift */ = {isa = PBXFileReference; lastKnownFileType = sourcecode.swift; path = Constants.swift; sourceTree = "<group>"; };
		B26EC84F2B174D9C00F4E4A2 /* CurrencySelectionView.swift */ = {isa = PBXFileReference; lastKnownFileType = sourcecode.swift; path = CurrencySelectionView.swift; sourceTree = "<group>"; };
		B26EC8512B174EB300F4E4A2 /* CustomColors.swift */ = {isa = PBXFileReference; lastKnownFileType = sourcecode.swift; path = CustomColors.swift; sourceTree = "<group>"; };
		B26EC8532B17BCEC00F4E4A2 /* ConverterCellUIConfigModel.swift */ = {isa = PBXFileReference; lastKnownFileType = sourcecode.swift; path = ConverterCellUIConfigModel.swift; sourceTree = "<group>"; };
		B26EC8562B17C4A200F4E4A2 /* SearchBarViewController.swift */ = {isa = PBXFileReference; lastKnownFileType = sourcecode.swift; path = SearchBarViewController.swift; sourceTree = "<group>"; };
		B26EC8582B17C8F100F4E4A2 /* CustomSearchBar.swift */ = {isa = PBXFileReference; lastKnownFileType = sourcecode.swift; path = CustomSearchBar.swift; sourceTree = "<group>"; };
		B26EC85A2B17CD8700F4E4A2 /* CountryTableViewCell.swift */ = {isa = PBXFileReference; lastKnownFileType = sourcecode.swift; path = CountryTableViewCell.swift; sourceTree = "<group>"; };
		B26EC85C2B17CDB600F4E4A2 /* Country.swift */ = {isa = PBXFileReference; lastKnownFileType = sourcecode.swift; path = Country.swift; sourceTree = "<group>"; };
		B26EC85E2B190DA500F4E4A2 /* FXRatesResponse.swift */ = {isa = PBXFileReference; lastKnownFileType = sourcecode.swift; path = FXRatesResponse.swift; sourceTree = "<group>"; };
		B26EC8602B1ABB0600F4E4A2 /* ErrorLabel.swift */ = {isa = PBXFileReference; lastKnownFileType = sourcecode.swift; path = ErrorLabel.swift; sourceTree = "<group>"; };
		B26EC8652B1B1DD300F4E4A2 /* en */ = {isa = PBXFileReference; lastKnownFileType = text.plist.strings; name = en; path = en.lproj/Localizable.strings; sourceTree = "<group>"; };
		B26EC8682B1B1E1800F4E4A2 /* String+Localizable.swift */ = {isa = PBXFileReference; lastKnownFileType = sourcecode.swift; path = "String+Localizable.swift"; sourceTree = "<group>"; };
		B26EC86F2B1BB93000F4E4A2 /* Currency.swift */ = {isa = PBXFileReference; lastKnownFileType = sourcecode.swift; path = Currency.swift; sourceTree = "<group>"; };
		B26EC8722B1C0EEA00F4E4A2 /* NoResultView.swift */ = {isa = PBXFileReference; lastKnownFileType = sourcecode.swift; path = NoResultView.swift; sourceTree = "<group>"; };
		B26EC8742B1C178C00F4E4A2 /* ReachabilityManager.swift */ = {isa = PBXFileReference; lastKnownFileType = sourcecode.swift; path = ReachabilityManager.swift; sourceTree = "<group>"; };
		B28FD0892B1D19FD0026D11A /* MockNetworkService.swift */ = {isa = PBXFileReference; lastKnownFileType = sourcecode.swift; path = MockNetworkService.swift; sourceTree = "<group>"; };
		C6BAE7E82014FC1F79CE050F /* Pods-CurrencyConverter.debug.xcconfig */ = {isa = PBXFileReference; includeInIndex = 1; lastKnownFileType = text.xcconfig; name = "Pods-CurrencyConverter.debug.xcconfig"; path = "Target Support Files/Pods-CurrencyConverter/Pods-CurrencyConverter.debug.xcconfig"; sourceTree = "<group>"; };
		D49F3BF40DF34A52DCED1406 /* Pods-CurrencyConverterTests.debug.xcconfig */ = {isa = PBXFileReference; includeInIndex = 1; lastKnownFileType = text.xcconfig; name = "Pods-CurrencyConverterTests.debug.xcconfig"; path = "Target Support Files/Pods-CurrencyConverterTests/Pods-CurrencyConverterTests.debug.xcconfig"; sourceTree = "<group>"; };
		D96CAE5C61B50A493F3D9E70 /* Pods-CurrencyConverter-CurrencyConverterUITests.release.xcconfig */ = {isa = PBXFileReference; includeInIndex = 1; lastKnownFileType = text.xcconfig; name = "Pods-CurrencyConverter-CurrencyConverterUITests.release.xcconfig"; path = "Target Support Files/Pods-CurrencyConverter-CurrencyConverterUITests/Pods-CurrencyConverter-CurrencyConverterUITests.release.xcconfig"; sourceTree = "<group>"; };
		FE7C1B2E701FCF8416306AD8 /* Pods-CurrencyConverter.release.xcconfig */ = {isa = PBXFileReference; includeInIndex = 1; lastKnownFileType = text.xcconfig; name = "Pods-CurrencyConverter.release.xcconfig"; path = "Target Support Files/Pods-CurrencyConverter/Pods-CurrencyConverter.release.xcconfig"; sourceTree = "<group>"; };
/* End PBXFileReference section */

/* Begin PBXFrameworksBuildPhase section */
		B26EC8072B16957100F4E4A2 /* Frameworks */ = {
			isa = PBXFrameworksBuildPhase;
			buildActionMask = 2147483647;
			files = (
				FBF17E58FA7FC217BE9D16E9 /* Pods_CurrencyConverter.framework in Frameworks */,
			);
			runOnlyForDeploymentPostprocessing = 0;
		};
		B26EC81D2B16957200F4E4A2 /* Frameworks */ = {
			isa = PBXFrameworksBuildPhase;
			buildActionMask = 2147483647;
			files = (
				B859B951D5674A888114565A /* Pods_CurrencyConverterTests.framework in Frameworks */,
			);
			runOnlyForDeploymentPostprocessing = 0;
		};
		B26EC8272B16957200F4E4A2 /* Frameworks */ = {
			isa = PBXFrameworksBuildPhase;
			buildActionMask = 2147483647;
			files = (
				E89916F9A3F8D98A839DA4A0 /* Pods_CurrencyConverter_CurrencyConverterUITests.framework in Frameworks */,
			);
			runOnlyForDeploymentPostprocessing = 0;
		};
/* End PBXFrameworksBuildPhase section */

/* Begin PBXGroup section */
		05DA2DD1A06C6366893727B8 /* Pods */ = {
			isa = PBXGroup;
			children = (
				C6BAE7E82014FC1F79CE050F /* Pods-CurrencyConverter.debug.xcconfig */,
				FE7C1B2E701FCF8416306AD8 /* Pods-CurrencyConverter.release.xcconfig */,
				865C036EF73470960C823EBA /* Pods-CurrencyConverter-CurrencyConverterUITests.debug.xcconfig */,
				D96CAE5C61B50A493F3D9E70 /* Pods-CurrencyConverter-CurrencyConverterUITests.release.xcconfig */,
				D49F3BF40DF34A52DCED1406 /* Pods-CurrencyConverterTests.debug.xcconfig */,
				5C5FC44FE9DB35B2825B7AA3 /* Pods-CurrencyConverterTests.release.xcconfig */,
			);
			path = Pods;
			sourceTree = "<group>";
		};
		B26EC8012B16957100F4E4A2 = {
			isa = PBXGroup;
			children = (
				B26EC80C2B16957100F4E4A2 /* CurrencyConverter */,
				B26EC8232B16957200F4E4A2 /* CurrencyConverterTests */,
				B26EC82D2B16957200F4E4A2 /* CurrencyConverterUITests */,
				B26EC80B2B16957100F4E4A2 /* Products */,
				05DA2DD1A06C6366893727B8 /* Pods */,
				DC48164E030164A270917736 /* Frameworks */,
			);
			sourceTree = "<group>";
		};
		B26EC80B2B16957100F4E4A2 /* Products */ = {
			isa = PBXGroup;
			children = (
				B26EC80A2B16957100F4E4A2 /* CurrencyConverter.app */,
				B26EC8202B16957200F4E4A2 /* CurrencyConverterTests.xctest */,
				B26EC82A2B16957200F4E4A2 /* CurrencyConverterUITests.xctest */,
			);
			name = Products;
			sourceTree = "<group>";
		};
		B26EC80C2B16957100F4E4A2 /* CurrencyConverter */ = {
			isa = PBXGroup;
			children = (
				B26EC8672B1B1E0100F4E4A2 /* Extensions */,
				B26EC84A2B16A04A00F4E4A2 /* Networking */,
				B26EC8472B16993400F4E4A2 /* Resources */,
				B26EC8412B16989F00F4E4A2 /* Modules */,
				B26EC80D2B16957100F4E4A2 /* AppDelegate.swift */,
				B26EC80F2B16957100F4E4A2 /* SceneDelegate.swift */,
				B26EC81B2B16957200F4E4A2 /* Info.plist */,
				B26EC84D2B16A1A500F4E4A2 /* Constants.swift */,
				B26EC8512B174EB300F4E4A2 /* CustomColors.swift */,
			);
			path = CurrencyConverter;
			sourceTree = "<group>";
		};
		B26EC8232B16957200F4E4A2 /* CurrencyConverterTests */ = {
			isa = PBXGroup;
			children = (
				B26EC8242B16957200F4E4A2 /* CurrencyConverterTests.swift */,
				B28FD0892B1D19FD0026D11A /* MockNetworkService.swift */,
			);
			path = CurrencyConverterTests;
			sourceTree = "<group>";
		};
		B26EC82D2B16957200F4E4A2 /* CurrencyConverterUITests */ = {
			isa = PBXGroup;
			children = (
				B26EC82E2B16957200F4E4A2 /* CurrencyConverterUITests.swift */,
				B26EC8302B16957200F4E4A2 /* CurrencyConverterUITestsLaunchTests.swift */,
			);
			path = CurrencyConverterUITests;
			sourceTree = "<group>";
		};
		B26EC8412B16989F00F4E4A2 /* Modules */ = {
			isa = PBXGroup;
			children = (
				B26EC86E2B1B265400F4E4A2 /* Common */,
				B26EC8422B1698AA00F4E4A2 /* Coordinators */,
				B26EC8432B1698BB00F4E4A2 /* Converter */,
			);
			path = Modules;
			sourceTree = "<group>";
		};
		B26EC8422B1698AA00F4E4A2 /* Coordinators */ = {
			isa = PBXGroup;
			children = (
				B26EC83D2B16969100F4E4A2 /* CurrencyConverterCoordinator.swift */,
			);
			path = Coordinators;
			sourceTree = "<group>";
		};
		B26EC8432B1698BB00F4E4A2 /* Converter */ = {
			isa = PBXGroup;
			children = (
				B26EC8552B17C48900F4E4A2 /* SearchBar */,
				B26EC86C2B1B262100F4E4A2 /* ViewModel */,
				B26EC86A2B1B25E700F4E4A2 /* Model */,
				B26EC8482B169B5800F4E4A2 /* CurrencyConverterViewController.swift */,
			);
			path = Converter;
			sourceTree = "<group>";
		};
		B26EC8472B16993400F4E4A2 /* Resources */ = {
			isa = PBXGroup;
			children = (
				B26EC8162B16957200F4E4A2 /* Assets.xcassets */,
				B26EC8662B1B1DD300F4E4A2 /* Localizable.strings */,
			);
			path = Resources;
			sourceTree = "<group>";
		};
		B26EC84A2B16A04A00F4E4A2 /* Networking */ = {
			isa = PBXGroup;
			children = (
				B26EC84B2B16A05E00F4E4A2 /* NetworkService.swift */,
				B26EC8742B1C178C00F4E4A2 /* ReachabilityManager.swift */,
			);
			path = Networking;
			sourceTree = "<group>";
		};
		B26EC8552B17C48900F4E4A2 /* SearchBar */ = {
			isa = PBXGroup;
			children = (
				B26EC8712B1C0EDB00F4E4A2 /* Views */,
				B26EC86B2B1B25F800F4E4A2 /* Model */,
				B26EC8562B17C4A200F4E4A2 /* SearchBarViewController.swift */,
				B26EC8582B17C8F100F4E4A2 /* CustomSearchBar.swift */,
			);
			path = SearchBar;
			sourceTree = "<group>";
		};
		B26EC8672B1B1E0100F4E4A2 /* Extensions */ = {
			isa = PBXGroup;
			children = (
				B26EC8682B1B1E1800F4E4A2 /* String+Localizable.swift */,
			);
			path = Extensions;
			sourceTree = "<group>";
		};
		B26EC86A2B1B25E700F4E4A2 /* Model */ = {
			isa = PBXGroup;
			children = (
				B26EC8532B17BCEC00F4E4A2 /* ConverterCellUIConfigModel.swift */,
				B26EC85E2B190DA500F4E4A2 /* FXRatesResponse.swift */,
			);
			path = Model;
			sourceTree = "<group>";
		};
		B26EC86B2B1B25F800F4E4A2 /* Model */ = {
			isa = PBXGroup;
			children = (
				B26EC85C2B17CDB600F4E4A2 /* Country.swift */,
			);
			path = Model;
			sourceTree = "<group>";
		};
		B26EC86C2B1B262100F4E4A2 /* ViewModel */ = {
			isa = PBXGroup;
			children = (
				B26EC84F2B174D9C00F4E4A2 /* CurrencySelectionView.swift */,
				B26EC83F2B1696F000F4E4A2 /* CurrencyConverterViewModel.swift */,
			);
			path = ViewModel;
			sourceTree = "<group>";
		};
		B26EC86E2B1B265400F4E4A2 /* Common */ = {
			isa = PBXGroup;
			children = (
				B26EC8602B1ABB0600F4E4A2 /* ErrorLabel.swift */,
				B26EC86F2B1BB93000F4E4A2 /* Currency.swift */,
			);
			path = Common;
			sourceTree = "<group>";
		};
		B26EC8712B1C0EDB00F4E4A2 /* Views */ = {
			isa = PBXGroup;
			children = (
				B26EC85A2B17CD8700F4E4A2 /* CountryTableViewCell.swift */,
				B26EC8722B1C0EEA00F4E4A2 /* NoResultView.swift */,
			);
			path = Views;
			sourceTree = "<group>";
		};
		DC48164E030164A270917736 /* Frameworks */ = {
			isa = PBXGroup;
			children = (
				9457427152FD676A5F21F149 /* Pods_CurrencyConverter.framework */,
				804CD21B527C7210AADA28E8 /* Pods_CurrencyConverter_CurrencyConverterUITests.framework */,
				680155561E7BFE53175A61A6 /* Pods_CurrencyConverterTests.framework */,
			);
			name = Frameworks;
			sourceTree = "<group>";
		};
/* End PBXGroup section */

/* Begin PBXNativeTarget section */
		B26EC8092B16957100F4E4A2 /* CurrencyConverter */ = {
			isa = PBXNativeTarget;
			buildConfigurationList = B26EC8342B16957200F4E4A2 /* Build configuration list for PBXNativeTarget "CurrencyConverter" */;
			buildPhases = (
				144FA4991F67E18FFD581CCE /* [CP] Check Pods Manifest.lock */,
				B26EC8062B16957100F4E4A2 /* Sources */,
				B26EC8072B16957100F4E4A2 /* Frameworks */,
				B26EC8082B16957100F4E4A2 /* Resources */,
				2F90305D4DD399F5155007DD /* [CP] Embed Pods Frameworks */,
			);
			buildRules = (
			);
			dependencies = (
			);
			name = CurrencyConverter;
			productName = CurrencyConverter;
			productReference = B26EC80A2B16957100F4E4A2 /* CurrencyConverter.app */;
			productType = "com.apple.product-type.application";
		};
		B26EC81F2B16957200F4E4A2 /* CurrencyConverterTests */ = {
			isa = PBXNativeTarget;
			buildConfigurationList = B26EC8372B16957200F4E4A2 /* Build configuration list for PBXNativeTarget "CurrencyConverterTests" */;
			buildPhases = (
				8D2FC46FD998D316B067BBF4 /* [CP] Check Pods Manifest.lock */,
				B26EC81C2B16957200F4E4A2 /* Sources */,
				B26EC81D2B16957200F4E4A2 /* Frameworks */,
				B26EC81E2B16957200F4E4A2 /* Resources */,
				84951533E642B9127039B887 /* [CP] Embed Pods Frameworks */,
			);
			buildRules = (
			);
			dependencies = (
				B26EC8222B16957200F4E4A2 /* PBXTargetDependency */,
			);
			name = CurrencyConverterTests;
			productName = CurrencyConverterTests;
			productReference = B26EC8202B16957200F4E4A2 /* CurrencyConverterTests.xctest */;
			productType = "com.apple.product-type.bundle.unit-test";
		};
		B26EC8292B16957200F4E4A2 /* CurrencyConverterUITests */ = {
			isa = PBXNativeTarget;
			buildConfigurationList = B26EC83A2B16957200F4E4A2 /* Build configuration list for PBXNativeTarget "CurrencyConverterUITests" */;
			buildPhases = (
				5C244B4557BA125A351D6C89 /* [CP] Check Pods Manifest.lock */,
				B26EC8262B16957200F4E4A2 /* Sources */,
				B26EC8272B16957200F4E4A2 /* Frameworks */,
				B26EC8282B16957200F4E4A2 /* Resources */,
				581D18B734E92B2576E49452 /* [CP] Embed Pods Frameworks */,
			);
			buildRules = (
			);
			dependencies = (
				B26EC82C2B16957200F4E4A2 /* PBXTargetDependency */,
			);
			name = CurrencyConverterUITests;
			productName = CurrencyConverterUITests;
			productReference = B26EC82A2B16957200F4E4A2 /* CurrencyConverterUITests.xctest */;
			productType = "com.apple.product-type.bundle.ui-testing";
		};
/* End PBXNativeTarget section */

/* Begin PBXProject section */
		B26EC8022B16957100F4E4A2 /* Project object */ = {
			isa = PBXProject;
			attributes = {
				BuildIndependentTargetsInParallel = 1;
				LastSwiftUpdateCheck = 1430;
				LastUpgradeCheck = 1430;
				TargetAttributes = {
					B26EC8092B16957100F4E4A2 = {
						CreatedOnToolsVersion = 14.3;
					};
					B26EC81F2B16957200F4E4A2 = {
						CreatedOnToolsVersion = 14.3;
						TestTargetID = B26EC8092B16957100F4E4A2;
					};
					B26EC8292B16957200F4E4A2 = {
						CreatedOnToolsVersion = 14.3;
						TestTargetID = B26EC8092B16957100F4E4A2;
					};
				};
			};
			buildConfigurationList = B26EC8052B16957100F4E4A2 /* Build configuration list for PBXProject "CurrencyConverter" */;
			compatibilityVersion = "Xcode 14.0";
			developmentRegion = en;
			hasScannedForEncodings = 0;
			knownRegions = (
				en,
				Base,
			);
			mainGroup = B26EC8012B16957100F4E4A2;
			productRefGroup = B26EC80B2B16957100F4E4A2 /* Products */;
			projectDirPath = "";
			projectRoot = "";
			targets = (
				B26EC8092B16957100F4E4A2 /* CurrencyConverter */,
				B26EC81F2B16957200F4E4A2 /* CurrencyConverterTests */,
				B26EC8292B16957200F4E4A2 /* CurrencyConverterUITests */,
			);
		};
/* End PBXProject section */

/* Begin PBXResourcesBuildPhase section */
		B26EC8082B16957100F4E4A2 /* Resources */ = {
			isa = PBXResourcesBuildPhase;
			buildActionMask = 2147483647;
			files = (
				B26EC8172B16957200F4E4A2 /* Assets.xcassets in Resources */,
				B26EC8642B1B1DD300F4E4A2 /* Localizable.strings in Resources */,
			);
			runOnlyForDeploymentPostprocessing = 0;
		};
		B26EC81E2B16957200F4E4A2 /* Resources */ = {
			isa = PBXResourcesBuildPhase;
			buildActionMask = 2147483647;
			files = (
			);
			runOnlyForDeploymentPostprocessing = 0;
		};
		B26EC8282B16957200F4E4A2 /* Resources */ = {
			isa = PBXResourcesBuildPhase;
			buildActionMask = 2147483647;
			files = (
			);
			runOnlyForDeploymentPostprocessing = 0;
		};
/* End PBXResourcesBuildPhase section */

/* Begin PBXShellScriptBuildPhase section */
		144FA4991F67E18FFD581CCE /* [CP] Check Pods Manifest.lock */ = {
			isa = PBXShellScriptBuildPhase;
			buildActionMask = 2147483647;
			files = (
			);
			inputFileListPaths = (
			);
			inputPaths = (
				"${PODS_PODFILE_DIR_PATH}/Podfile.lock",
				"${PODS_ROOT}/Manifest.lock",
			);
			name = "[CP] Check Pods Manifest.lock";
			outputFileListPaths = (
			);
			outputPaths = (
				"$(DERIVED_FILE_DIR)/Pods-CurrencyConverter-checkManifestLockResult.txt",
			);
			runOnlyForDeploymentPostprocessing = 0;
			shellPath = /bin/sh;
			shellScript = "diff \"${PODS_PODFILE_DIR_PATH}/Podfile.lock\" \"${PODS_ROOT}/Manifest.lock\" > /dev/null\nif [ $? != 0 ] ; then\n    # print error to STDERR\n    echo \"error: The sandbox is not in sync with the Podfile.lock. Run 'pod install' or update your CocoaPods installation.\" >&2\n    exit 1\nfi\n# This output is used by Xcode 'outputs' to avoid re-running this script phase.\necho \"SUCCESS\" > \"${SCRIPT_OUTPUT_FILE_0}\"\n";
			showEnvVarsInLog = 0;
		};
		2F90305D4DD399F5155007DD /* [CP] Embed Pods Frameworks */ = {
			isa = PBXShellScriptBuildPhase;
			buildActionMask = 2147483647;
			files = (
			);
			inputFileListPaths = (
				"${PODS_ROOT}/Target Support Files/Pods-CurrencyConverter/Pods-CurrencyConverter-frameworks-${CONFIGURATION}-input-files.xcfilelist",
			);
			name = "[CP] Embed Pods Frameworks";
			outputFileListPaths = (
				"${PODS_ROOT}/Target Support Files/Pods-CurrencyConverter/Pods-CurrencyConverter-frameworks-${CONFIGURATION}-output-files.xcfilelist",
			);
			runOnlyForDeploymentPostprocessing = 0;
			shellPath = /bin/sh;
			shellScript = "\"${PODS_ROOT}/Target Support Files/Pods-CurrencyConverter/Pods-CurrencyConverter-frameworks.sh\"\n";
			showEnvVarsInLog = 0;
		};
		581D18B734E92B2576E49452 /* [CP] Embed Pods Frameworks */ = {
			isa = PBXShellScriptBuildPhase;
			buildActionMask = 2147483647;
			files = (
			);
			inputFileListPaths = (
				"${PODS_ROOT}/Target Support Files/Pods-CurrencyConverter-CurrencyConverterUITests/Pods-CurrencyConverter-CurrencyConverterUITests-frameworks-${CONFIGURATION}-input-files.xcfilelist",
			);
			name = "[CP] Embed Pods Frameworks";
			outputFileListPaths = (
				"${PODS_ROOT}/Target Support Files/Pods-CurrencyConverter-CurrencyConverterUITests/Pods-CurrencyConverter-CurrencyConverterUITests-frameworks-${CONFIGURATION}-output-files.xcfilelist",
			);
			runOnlyForDeploymentPostprocessing = 0;
			shellPath = /bin/sh;
			shellScript = "\"${PODS_ROOT}/Target Support Files/Pods-CurrencyConverter-CurrencyConverterUITests/Pods-CurrencyConverter-CurrencyConverterUITests-frameworks.sh\"\n";
			showEnvVarsInLog = 0;
		};
		5C244B4557BA125A351D6C89 /* [CP] Check Pods Manifest.lock */ = {
			isa = PBXShellScriptBuildPhase;
			buildActionMask = 2147483647;
			files = (
			);
			inputFileListPaths = (
			);
			inputPaths = (
				"${PODS_PODFILE_DIR_PATH}/Podfile.lock",
				"${PODS_ROOT}/Manifest.lock",
			);
			name = "[CP] Check Pods Manifest.lock";
			outputFileListPaths = (
			);
			outputPaths = (
				"$(DERIVED_FILE_DIR)/Pods-CurrencyConverter-CurrencyConverterUITests-checkManifestLockResult.txt",
			);
			runOnlyForDeploymentPostprocessing = 0;
			shellPath = /bin/sh;
			shellScript = "diff \"${PODS_PODFILE_DIR_PATH}/Podfile.lock\" \"${PODS_ROOT}/Manifest.lock\" > /dev/null\nif [ $? != 0 ] ; then\n    # print error to STDERR\n    echo \"error: The sandbox is not in sync with the Podfile.lock. Run 'pod install' or update your CocoaPods installation.\" >&2\n    exit 1\nfi\n# This output is used by Xcode 'outputs' to avoid re-running this script phase.\necho \"SUCCESS\" > \"${SCRIPT_OUTPUT_FILE_0}\"\n";
			showEnvVarsInLog = 0;
		};
		84951533E642B9127039B887 /* [CP] Embed Pods Frameworks */ = {
			isa = PBXShellScriptBuildPhase;
			buildActionMask = 2147483647;
			files = (
			);
			inputFileListPaths = (
				"${PODS_ROOT}/Target Support Files/Pods-CurrencyConverterTests/Pods-CurrencyConverterTests-frameworks-${CONFIGURATION}-input-files.xcfilelist",
			);
			name = "[CP] Embed Pods Frameworks";
			outputFileListPaths = (
				"${PODS_ROOT}/Target Support Files/Pods-CurrencyConverterTests/Pods-CurrencyConverterTests-frameworks-${CONFIGURATION}-output-files.xcfilelist",
			);
			runOnlyForDeploymentPostprocessing = 0;
			shellPath = /bin/sh;
			shellScript = "\"${PODS_ROOT}/Target Support Files/Pods-CurrencyConverterTests/Pods-CurrencyConverterTests-frameworks.sh\"\n";
			showEnvVarsInLog = 0;
		};
		8D2FC46FD998D316B067BBF4 /* [CP] Check Pods Manifest.lock */ = {
			isa = PBXShellScriptBuildPhase;
			buildActionMask = 2147483647;
			files = (
			);
			inputFileListPaths = (
			);
			inputPaths = (
				"${PODS_PODFILE_DIR_PATH}/Podfile.lock",
				"${PODS_ROOT}/Manifest.lock",
			);
			name = "[CP] Check Pods Manifest.lock";
			outputFileListPaths = (
			);
			outputPaths = (
				"$(DERIVED_FILE_DIR)/Pods-CurrencyConverterTests-checkManifestLockResult.txt",
			);
			runOnlyForDeploymentPostprocessing = 0;
			shellPath = /bin/sh;
			shellScript = "diff \"${PODS_PODFILE_DIR_PATH}/Podfile.lock\" \"${PODS_ROOT}/Manifest.lock\" > /dev/null\nif [ $? != 0 ] ; then\n    # print error to STDERR\n    echo \"error: The sandbox is not in sync with the Podfile.lock. Run 'pod install' or update your CocoaPods installation.\" >&2\n    exit 1\nfi\n# This output is used by Xcode 'outputs' to avoid re-running this script phase.\necho \"SUCCESS\" > \"${SCRIPT_OUTPUT_FILE_0}\"\n";
			showEnvVarsInLog = 0;
		};
/* End PBXShellScriptBuildPhase section */

/* Begin PBXSourcesBuildPhase section */
		B26EC8062B16957100F4E4A2 /* Sources */ = {
			isa = PBXSourcesBuildPhase;
			buildActionMask = 2147483647;
			files = (
				B26EC8702B1BB93000F4E4A2 /* Currency.swift in Sources */,
				B26EC85D2B17CDB600F4E4A2 /* Country.swift in Sources */,
				B26EC8542B17BCEC00F4E4A2 /* ConverterCellUIConfigModel.swift in Sources */,
				B26EC8572B17C4A200F4E4A2 /* SearchBarViewController.swift in Sources */,
				B26EC8752B1C178C00F4E4A2 /* ReachabilityManager.swift in Sources */,
				B26EC8592B17C8F100F4E4A2 /* CustomSearchBar.swift in Sources */,
				B26EC8492B169B5800F4E4A2 /* CurrencyConverterViewController.swift in Sources */,
				B26EC8692B1B1E1800F4E4A2 /* String+Localizable.swift in Sources */,
				B26EC8612B1ABB0600F4E4A2 /* ErrorLabel.swift in Sources */,
				B26EC83E2B16969100F4E4A2 /* CurrencyConverterCoordinator.swift in Sources */,
				B26EC8502B174D9C00F4E4A2 /* CurrencySelectionView.swift in Sources */,
				B26EC80E2B16957100F4E4A2 /* AppDelegate.swift in Sources */,
				B26EC85F2B190DA500F4E4A2 /* FXRatesResponse.swift in Sources */,
				B26EC8732B1C0EEA00F4E4A2 /* NoResultView.swift in Sources */,
				B26EC8102B16957100F4E4A2 /* SceneDelegate.swift in Sources */,
				B26EC85B2B17CD8700F4E4A2 /* CountryTableViewCell.swift in Sources */,
				B26EC84E2B16A1A500F4E4A2 /* Constants.swift in Sources */,
				B26EC84C2B16A05E00F4E4A2 /* NetworkService.swift in Sources */,
				B26EC8522B174EB300F4E4A2 /* CustomColors.swift in Sources */,
				B26EC8402B1696F000F4E4A2 /* CurrencyConverterViewModel.swift in Sources */,
			);
			runOnlyForDeploymentPostprocessing = 0;
		};
		B26EC81C2B16957200F4E4A2 /* Sources */ = {
			isa = PBXSourcesBuildPhase;
			buildActionMask = 2147483647;
			files = (
				B28FD08A2B1D19FD0026D11A /* MockNetworkService.swift in Sources */,
				B26EC8252B16957200F4E4A2 /* CurrencyConverterTests.swift in Sources */,
			);
			runOnlyForDeploymentPostprocessing = 0;
		};
		B26EC8262B16957200F4E4A2 /* Sources */ = {
			isa = PBXSourcesBuildPhase;
			buildActionMask = 2147483647;
			files = (
				B26EC8312B16957200F4E4A2 /* CurrencyConverterUITestsLaunchTests.swift in Sources */,
				B26EC82F2B16957200F4E4A2 /* CurrencyConverterUITests.swift in Sources */,
			);
			runOnlyForDeploymentPostprocessing = 0;
		};
/* End PBXSourcesBuildPhase section */

/* Begin PBXTargetDependency section */
		B26EC8222B16957200F4E4A2 /* PBXTargetDependency */ = {
			isa = PBXTargetDependency;
			target = B26EC8092B16957100F4E4A2 /* CurrencyConverter */;
			targetProxy = B26EC8212B16957200F4E4A2 /* PBXContainerItemProxy */;
		};
		B26EC82C2B16957200F4E4A2 /* PBXTargetDependency */ = {
			isa = PBXTargetDependency;
			target = B26EC8092B16957100F4E4A2 /* CurrencyConverter */;
			targetProxy = B26EC82B2B16957200F4E4A2 /* PBXContainerItemProxy */;
		};
/* End PBXTargetDependency section */

/* Begin PBXVariantGroup section */
		B26EC8662B1B1DD300F4E4A2 /* Localizable.strings */ = {
			isa = PBXVariantGroup;
			children = (
				B26EC8652B1B1DD300F4E4A2 /* en */,
			);
			name = Localizable.strings;
			sourceTree = "<group>";
		};
/* End PBXVariantGroup section */

/* Begin XCBuildConfiguration section */
		B26EC8322B16957200F4E4A2 /* Debug */ = {
			isa = XCBuildConfiguration;
			buildSettings = {
				ALWAYS_SEARCH_USER_PATHS = NO;
				CLANG_ANALYZER_NONNULL = YES;
				CLANG_ANALYZER_NUMBER_OBJECT_CONVERSION = YES_AGGRESSIVE;
				CLANG_CXX_LANGUAGE_STANDARD = "gnu++20";
				CLANG_ENABLE_MODULES = YES;
				CLANG_ENABLE_OBJC_ARC = YES;
				CLANG_ENABLE_OBJC_WEAK = YES;
				CLANG_WARN_BLOCK_CAPTURE_AUTORELEASING = YES;
				CLANG_WARN_BOOL_CONVERSION = YES;
				CLANG_WARN_COMMA = YES;
				CLANG_WARN_CONSTANT_CONVERSION = YES;
				CLANG_WARN_DEPRECATED_OBJC_IMPLEMENTATIONS = YES;
				CLANG_WARN_DIRECT_OBJC_ISA_USAGE = YES_ERROR;
				CLANG_WARN_DOCUMENTATION_COMMENTS = YES;
				CLANG_WARN_EMPTY_BODY = YES;
				CLANG_WARN_ENUM_CONVERSION = YES;
				CLANG_WARN_INFINITE_RECURSION = YES;
				CLANG_WARN_INT_CONVERSION = YES;
				CLANG_WARN_NON_LITERAL_NULL_CONVERSION = YES;
				CLANG_WARN_OBJC_IMPLICIT_RETAIN_SELF = YES;
				CLANG_WARN_OBJC_LITERAL_CONVERSION = YES;
				CLANG_WARN_OBJC_ROOT_CLASS = YES_ERROR;
				CLANG_WARN_QUOTED_INCLUDE_IN_FRAMEWORK_HEADER = YES;
				CLANG_WARN_RANGE_LOOP_ANALYSIS = YES;
				CLANG_WARN_STRICT_PROTOTYPES = YES;
				CLANG_WARN_SUSPICIOUS_MOVE = YES;
				CLANG_WARN_UNGUARDED_AVAILABILITY = YES_AGGRESSIVE;
				CLANG_WARN_UNREACHABLE_CODE = YES;
				CLANG_WARN__DUPLICATE_METHOD_MATCH = YES;
				COPY_PHASE_STRIP = NO;
				DEBUG_INFORMATION_FORMAT = dwarf;
				ENABLE_STRICT_OBJC_MSGSEND = YES;
				ENABLE_TESTABILITY = YES;
				GCC_C_LANGUAGE_STANDARD = gnu11;
				GCC_DYNAMIC_NO_PIC = NO;
				GCC_NO_COMMON_BLOCKS = YES;
				GCC_OPTIMIZATION_LEVEL = 0;
				GCC_PREPROCESSOR_DEFINITIONS = (
					"DEBUG=1",
					"$(inherited)",
				);
				GCC_WARN_64_TO_32_BIT_CONVERSION = YES;
				GCC_WARN_ABOUT_RETURN_TYPE = YES_ERROR;
				GCC_WARN_UNDECLARED_SELECTOR = YES;
				GCC_WARN_UNINITIALIZED_AUTOS = YES_AGGRESSIVE;
				GCC_WARN_UNUSED_FUNCTION = YES;
				GCC_WARN_UNUSED_VARIABLE = YES;
				IPHONEOS_DEPLOYMENT_TARGET = 16.4;
				MTL_ENABLE_DEBUG_INFO = INCLUDE_SOURCE;
				MTL_FAST_MATH = YES;
				ONLY_ACTIVE_ARCH = YES;
				SDKROOT = iphoneos;
				SWIFT_ACTIVE_COMPILATION_CONDITIONS = DEBUG;
				SWIFT_OPTIMIZATION_LEVEL = "-Onone";
			};
			name = Debug;
		};
		B26EC8332B16957200F4E4A2 /* Release */ = {
			isa = XCBuildConfiguration;
			buildSettings = {
				ALWAYS_SEARCH_USER_PATHS = NO;
				CLANG_ANALYZER_NONNULL = YES;
				CLANG_ANALYZER_NUMBER_OBJECT_CONVERSION = YES_AGGRESSIVE;
				CLANG_CXX_LANGUAGE_STANDARD = "gnu++20";
				CLANG_ENABLE_MODULES = YES;
				CLANG_ENABLE_OBJC_ARC = YES;
				CLANG_ENABLE_OBJC_WEAK = YES;
				CLANG_WARN_BLOCK_CAPTURE_AUTORELEASING = YES;
				CLANG_WARN_BOOL_CONVERSION = YES;
				CLANG_WARN_COMMA = YES;
				CLANG_WARN_CONSTANT_CONVERSION = YES;
				CLANG_WARN_DEPRECATED_OBJC_IMPLEMENTATIONS = YES;
				CLANG_WARN_DIRECT_OBJC_ISA_USAGE = YES_ERROR;
				CLANG_WARN_DOCUMENTATION_COMMENTS = YES;
				CLANG_WARN_EMPTY_BODY = YES;
				CLANG_WARN_ENUM_CONVERSION = YES;
				CLANG_WARN_INFINITE_RECURSION = YES;
				CLANG_WARN_INT_CONVERSION = YES;
				CLANG_WARN_NON_LITERAL_NULL_CONVERSION = YES;
				CLANG_WARN_OBJC_IMPLICIT_RETAIN_SELF = YES;
				CLANG_WARN_OBJC_LITERAL_CONVERSION = YES;
				CLANG_WARN_OBJC_ROOT_CLASS = YES_ERROR;
				CLANG_WARN_QUOTED_INCLUDE_IN_FRAMEWORK_HEADER = YES;
				CLANG_WARN_RANGE_LOOP_ANALYSIS = YES;
				CLANG_WARN_STRICT_PROTOTYPES = YES;
				CLANG_WARN_SUSPICIOUS_MOVE = YES;
				CLANG_WARN_UNGUARDED_AVAILABILITY = YES_AGGRESSIVE;
				CLANG_WARN_UNREACHABLE_CODE = YES;
				CLANG_WARN__DUPLICATE_METHOD_MATCH = YES;
				COPY_PHASE_STRIP = NO;
				DEBUG_INFORMATION_FORMAT = "dwarf-with-dsym";
				ENABLE_NS_ASSERTIONS = NO;
				ENABLE_STRICT_OBJC_MSGSEND = YES;
				GCC_C_LANGUAGE_STANDARD = gnu11;
				GCC_NO_COMMON_BLOCKS = YES;
				GCC_WARN_64_TO_32_BIT_CONVERSION = YES;
				GCC_WARN_ABOUT_RETURN_TYPE = YES_ERROR;
				GCC_WARN_UNDECLARED_SELECTOR = YES;
				GCC_WARN_UNINITIALIZED_AUTOS = YES_AGGRESSIVE;
				GCC_WARN_UNUSED_FUNCTION = YES;
				GCC_WARN_UNUSED_VARIABLE = YES;
				IPHONEOS_DEPLOYMENT_TARGET = 16.4;
				MTL_ENABLE_DEBUG_INFO = NO;
				MTL_FAST_MATH = YES;
				SDKROOT = iphoneos;
				SWIFT_COMPILATION_MODE = wholemodule;
				SWIFT_OPTIMIZATION_LEVEL = "-O";
				VALIDATE_PRODUCT = YES;
			};
			name = Release;
		};
		B26EC8352B16957200F4E4A2 /* Debug */ = {
			isa = XCBuildConfiguration;
			baseConfigurationReference = C6BAE7E82014FC1F79CE050F /* Pods-CurrencyConverter.debug.xcconfig */;
			buildSettings = {
				ASSETCATALOG_COMPILER_APPICON_NAME = AppIcon;
				ASSETCATALOG_COMPILER_GLOBAL_ACCENT_COLOR_NAME = AccentColor;
				CODE_SIGN_STYLE = Automatic;
				CURRENT_PROJECT_VERSION = 1;
				DEVELOPMENT_TEAM = 4SBTUQ5789;
				GENERATE_INFOPLIST_FILE = YES;
				INFOPLIST_FILE = CurrencyConverter/Info.plist;
				INFOPLIST_KEY_UIApplicationSupportsIndirectInputEvents = YES;
				INFOPLIST_KEY_UISupportedInterfaceOrientations_iPad = "UIInterfaceOrientationPortrait UIInterfaceOrientationPortraitUpsideDown UIInterfaceOrientationLandscapeLeft UIInterfaceOrientationLandscapeRight";
				INFOPLIST_KEY_UISupportedInterfaceOrientations_iPhone = "UIInterfaceOrientationPortrait UIInterfaceOrientationLandscapeLeft UIInterfaceOrientationLandscapeRight";
				LD_RUNPATH_SEARCH_PATHS = (
					"$(inherited)",
					"@executable_path/Frameworks",
				);
				MARKETING_VERSION = 1.0;
				PRODUCT_BUNDLE_IDENTIFIER = com.magdapekacka.CurrencyConverter;
				PRODUCT_NAME = "$(TARGET_NAME)";
				SWIFT_EMIT_LOC_STRINGS = YES;
				SWIFT_VERSION = 5.0;
				TARGETED_DEVICE_FAMILY = "1,2";
			};
			name = Debug;
		};
		B26EC8362B16957200F4E4A2 /* Release */ = {
			isa = XCBuildConfiguration;
			baseConfigurationReference = FE7C1B2E701FCF8416306AD8 /* Pods-CurrencyConverter.release.xcconfig */;
			buildSettings = {
				ASSETCATALOG_COMPILER_APPICON_NAME = AppIcon;
				ASSETCATALOG_COMPILER_GLOBAL_ACCENT_COLOR_NAME = AccentColor;
				CODE_SIGN_STYLE = Automatic;
				CURRENT_PROJECT_VERSION = 1;
				DEVELOPMENT_TEAM = 4SBTUQ5789;
				GENERATE_INFOPLIST_FILE = YES;
				INFOPLIST_FILE = CurrencyConverter/Info.plist;
				INFOPLIST_KEY_UIApplicationSupportsIndirectInputEvents = YES;
				INFOPLIST_KEY_UISupportedInterfaceOrientations_iPad = "UIInterfaceOrientationPortrait UIInterfaceOrientationPortraitUpsideDown UIInterfaceOrientationLandscapeLeft UIInterfaceOrientationLandscapeRight";
				INFOPLIST_KEY_UISupportedInterfaceOrientations_iPhone = "UIInterfaceOrientationPortrait UIInterfaceOrientationLandscapeLeft UIInterfaceOrientationLandscapeRight";
				LD_RUNPATH_SEARCH_PATHS = (
					"$(inherited)",
					"@executable_path/Frameworks",
				);
				MARKETING_VERSION = 1.0;
				PRODUCT_BUNDLE_IDENTIFIER = com.magdapekacka.CurrencyConverter;
				PRODUCT_NAME = "$(TARGET_NAME)";
				SWIFT_EMIT_LOC_STRINGS = YES;
				SWIFT_VERSION = 5.0;
				TARGETED_DEVICE_FAMILY = "1,2";
			};
			name = Release;
		};
		B26EC8382B16957200F4E4A2 /* Debug */ = {
			isa = XCBuildConfiguration;
			baseConfigurationReference = D49F3BF40DF34A52DCED1406 /* Pods-CurrencyConverterTests.debug.xcconfig */;
			buildSettings = {
				ALWAYS_EMBED_SWIFT_STANDARD_LIBRARIES = YES;
				BUNDLE_LOADER = "$(TEST_HOST)";
				CODE_SIGN_STYLE = Automatic;
				CURRENT_PROJECT_VERSION = 1;
				DEVELOPMENT_TEAM = 4SBTUQ5789;
				GENERATE_INFOPLIST_FILE = YES;
				IPHONEOS_DEPLOYMENT_TARGET = 16.4;
				MARKETING_VERSION = 1.0;
				PRODUCT_BUNDLE_IDENTIFIER = com.magdapekacka.CurrencyConverterTests;
				PRODUCT_NAME = "$(TARGET_NAME)";
				SWIFT_EMIT_LOC_STRINGS = NO;
				SWIFT_VERSION = 5.0;
				TARGETED_DEVICE_FAMILY = "1,2";
				TEST_HOST = "$(BUILT_PRODUCTS_DIR)/CurrencyConverter.app/$(BUNDLE_EXECUTABLE_FOLDER_PATH)/CurrencyConverter";
			};
			name = Debug;
		};
		B26EC8392B16957200F4E4A2 /* Release */ = {
			isa = XCBuildConfiguration;
			baseConfigurationReference = 5C5FC44FE9DB35B2825B7AA3 /* Pods-CurrencyConverterTests.release.xcconfig */;
			buildSettings = {
				ALWAYS_EMBED_SWIFT_STANDARD_LIBRARIES = YES;
				BUNDLE_LOADER = "$(TEST_HOST)";
				CODE_SIGN_STYLE = Automatic;
				CURRENT_PROJECT_VERSION = 1;
				DEVELOPMENT_TEAM = 4SBTUQ5789;
				GENERATE_INFOPLIST_FILE = YES;
				IPHONEOS_DEPLOYMENT_TARGET = 16.4;
				MARKETING_VERSION = 1.0;
				PRODUCT_BUNDLE_IDENTIFIER = com.magdapekacka.CurrencyConverterTests;
				PRODUCT_NAME = "$(TARGET_NAME)";
				SWIFT_EMIT_LOC_STRINGS = NO;
				SWIFT_VERSION = 5.0;
				TARGETED_DEVICE_FAMILY = "1,2";
				TEST_HOST = "$(BUILT_PRODUCTS_DIR)/CurrencyConverter.app/$(BUNDLE_EXECUTABLE_FOLDER_PATH)/CurrencyConverter";
			};
			name = Release;
		};
		B26EC83B2B16957200F4E4A2 /* Debug */ = {
			isa = XCBuildConfiguration;
			baseConfigurationReference = 865C036EF73470960C823EBA /* Pods-CurrencyConverter-CurrencyConverterUITests.debug.xcconfig */;
			buildSettings = {
				ALWAYS_EMBED_SWIFT_STANDARD_LIBRARIES = YES;
				CODE_SIGN_STYLE = Automatic;
				CURRENT_PROJECT_VERSION = 1;
				DEVELOPMENT_TEAM = 4SBTUQ5789;
				GENERATE_INFOPLIST_FILE = YES;
				MARKETING_VERSION = 1.0;
				PRODUCT_BUNDLE_IDENTIFIER = com.magdapekacka.CurrencyConverterUITests;
				PRODUCT_NAME = "$(TARGET_NAME)";
				SWIFT_EMIT_LOC_STRINGS = NO;
				SWIFT_VERSION = 5.0;
				TARGETED_DEVICE_FAMILY = "1,2";
				TEST_TARGET_NAME = CurrencyConverter;
			};
			name = Debug;
		};
		B26EC83C2B16957200F4E4A2 /* Release */ = {
			isa = XCBuildConfiguration;
			baseConfigurationReference = D96CAE5C61B50A493F3D9E70 /* Pods-CurrencyConverter-CurrencyConverterUITests.release.xcconfig */;
			buildSettings = {
				ALWAYS_EMBED_SWIFT_STANDARD_LIBRARIES = YES;
				CODE_SIGN_STYLE = Automatic;
				CURRENT_PROJECT_VERSION = 1;
				DEVELOPMENT_TEAM = 4SBTUQ5789;
				GENERATE_INFOPLIST_FILE = YES;
				MARKETING_VERSION = 1.0;
				PRODUCT_BUNDLE_IDENTIFIER = com.magdapekacka.CurrencyConverterUITests;
				PRODUCT_NAME = "$(TARGET_NAME)";
				SWIFT_EMIT_LOC_STRINGS = NO;
				SWIFT_VERSION = 5.0;
				TARGETED_DEVICE_FAMILY = "1,2";
				TEST_TARGET_NAME = CurrencyConverter;
			};
			name = Release;
		};
/* End XCBuildConfiguration section */

/* Begin XCConfigurationList section */
		B26EC8052B16957100F4E4A2 /* Build configuration list for PBXProject "CurrencyConverter" */ = {
			isa = XCConfigurationList;
			buildConfigurations = (
				B26EC8322B16957200F4E4A2 /* Debug */,
				B26EC8332B16957200F4E4A2 /* Release */,
			);
			defaultConfigurationIsVisible = 0;
			defaultConfigurationName = Release;
		};
		B26EC8342B16957200F4E4A2 /* Build configuration list for PBXNativeTarget "CurrencyConverter" */ = {
			isa = XCConfigurationList;
			buildConfigurations = (
				B26EC8352B16957200F4E4A2 /* Debug */,
				B26EC8362B16957200F4E4A2 /* Release */,
			);
			defaultConfigurationIsVisible = 0;
			defaultConfigurationName = Release;
		};
		B26EC8372B16957200F4E4A2 /* Build configuration list for PBXNativeTarget "CurrencyConverterTests" */ = {
			isa = XCConfigurationList;
			buildConfigurations = (
				B26EC8382B16957200F4E4A2 /* Debug */,
				B26EC8392B16957200F4E4A2 /* Release */,
			);
			defaultConfigurationIsVisible = 0;
			defaultConfigurationName = Release;
		};
		B26EC83A2B16957200F4E4A2 /* Build configuration list for PBXNativeTarget "CurrencyConverterUITests" */ = {
			isa = XCConfigurationList;
			buildConfigurations = (
				B26EC83B2B16957200F4E4A2 /* Debug */,
				B26EC83C2B16957200F4E4A2 /* Release */,
			);
			defaultConfigurationIsVisible = 0;
			defaultConfigurationName = Release;
		};
/* End XCConfigurationList section */
	};
	rootObject = B26EC8022B16957100F4E4A2 /* Project object */;
}
